// !$*UTF8*$!
{
	archiveVersion = 1;
	classes = {
	};
	objectVersion = 46;
	objects = {

/* Begin PBXBuildFile section */
		50E2FD0C1D32EB5B0008304D /* main.cpp in Sources */ = {isa = PBXBuildFile; fileRef = 50E2FD0B1D32EB5B0008304D /* main.cpp */; };
		A7C6043E1D32EEE7001B5C31 /* Word.cpp in Sources */ = {isa = PBXBuildFile; fileRef = A7C6043C1D32EEE7001B5C31 /* Word.cpp */; };
		A7C604471D32F8CF001B5C31 /* Driver.cpp in Sources */ = {isa = PBXBuildFile; fileRef = A7C604451D32F8CF001B5C31 /* Driver.cpp */; };
		A7C6044A1D330137001B5C31 /* KlingonDictionary.cpp in Sources */ = {isa = PBXBuildFile; fileRef = A7C604481D330137001B5C31 /* KlingonDictionary.cpp */; };
/* End PBXBuildFile section */

/* Begin PBXCopyFilesBuildPhase section */
		50E2FD061D32EB5B0008304D /* CopyFiles */ = {
			isa = PBXCopyFilesBuildPhase;
			buildActionMask = 2147483647;
			dstPath = /usr/share/man/man1/;
			dstSubfolderSpec = 0;
			files = (
			);
			runOnlyForDeploymentPostprocessing = 1;
		};
/* End PBXCopyFilesBuildPhase section */

/* Begin PBXFileReference section */
		50E2FD081D32EB5B0008304D /* EKTApp */ = {isa = PBXFileReference; explicitFileType = "compiled.mach-o.executable"; includeInIndex = 0; path = EKTApp; sourceTree = BUILT_PRODUCTS_DIR; };
		50E2FD0B1D32EB5B0008304D /* main.cpp */ = {isa = PBXFileReference; lastKnownFileType = sourcecode.cpp.cpp; path = main.cpp; sourceTree = "<group>"; };
		A7C6043C1D32EEE7001B5C31 /* Word.cpp */ = {isa = PBXFileReference; fileEncoding = 4; lastKnownFileType = sourcecode.cpp.cpp; path = Word.cpp; sourceTree = "<group>"; };
		A7C6043D1D32EEE7001B5C31 /* Word.hpp */ = {isa = PBXFileReference; fileEncoding = 4; lastKnownFileType = sourcecode.cpp.h; path = Word.hpp; sourceTree = "<group>"; };
		A7C604451D32F8CF001B5C31 /* Driver.cpp */ = {isa = PBXFileReference; fileEncoding = 4; lastKnownFileType = sourcecode.cpp.cpp; path = Driver.cpp; sourceTree = "<group>"; };
		A7C604461D32F8CF001B5C31 /* Driver.hpp */ = {isa = PBXFileReference; fileEncoding = 4; lastKnownFileType = sourcecode.cpp.h; path = Driver.hpp; sourceTree = "<group>"; };
		A7C604481D330137001B5C31 /* KlingonDictionary.cpp */ = {isa = PBXFileReference; fileEncoding = 4; lastKnownFileType = sourcecode.cpp.cpp; path = KlingonDictionary.cpp; sourceTree = "<group>"; };
		A7C604491D330137001B5C31 /* KlingonDictionary.hpp */ = {isa = PBXFileReference; fileEncoding = 4; lastKnownFileType = sourcecode.cpp.h; path = KlingonDictionary.hpp; sourceTree = "<group>"; };
/* End PBXFileReference section */

/* Begin PBXFrameworksBuildPhase section */
		50E2FD051D32EB5B0008304D /* Frameworks */ = {
			isa = PBXFrameworksBuildPhase;
			buildActionMask = 2147483647;
			files = (
			);
			runOnlyForDeploymentPostprocessing = 0;
		};
/* End PBXFrameworksBuildPhase section */

/* Begin PBXGroup section */
		50E2FCFF1D32EB5B0008304D = {
			isa = PBXGroup;
			children = (
				50E2FD0A1D32EB5B0008304D /* EKTApp */,
				50E2FD091D32EB5B0008304D /* Products */,
			);
			sourceTree = "<group>";
		};
		50E2FD091D32EB5B0008304D /* Products */ = {
			isa = PBXGroup;
			children = (
				50E2FD081D32EB5B0008304D /* EKTApp */,
			);
			name = Products;
			sourceTree = "<group>";
		};
		50E2FD0A1D32EB5B0008304D /* EKTApp */ = {
			isa = PBXGroup;
			children = (
				50E2FD0B1D32EB5B0008304D /* main.cpp */,
				A7C604481D330137001B5C31 /* KlingonDictionary.cpp */,
				A7C604491D330137001B5C31 /* KlingonDictionary.hpp */,
				A7C6043C1D32EEE7001B5C31 /* Word.cpp */,
				A7C6043D1D32EEE7001B5C31 /* Word.hpp */,
				A7C604451D32F8CF001B5C31 /* Driver.cpp */,
				A7C604461D32F8CF001B5C31 /* Driver.hpp */,
			);
			path = EKTApp;
			sourceTree = "<group>";
		};
/* End PBXGroup section */

/* Begin PBXNativeTarget section */
		50E2FD071D32EB5B0008304D /* EKTApp */ = {
			isa = PBXNativeTarget;
			buildConfigurationList = 50E2FD0F1D32EB5B0008304D /* Build configuration list for PBXNativeTarget "EKTApp" */;
			buildPhases = (
				50E2FD041D32EB5B0008304D /* Sources */,
				50E2FD051D32EB5B0008304D /* Frameworks */,
				50E2FD061D32EB5B0008304D /* CopyFiles */,
			);
			buildRules = (
			);
			dependencies = (
			);
			name = EKTApp;
			productName = EKTApp;
			productReference = 50E2FD081D32EB5B0008304D /* EKTApp */;
			productType = "com.apple.product-type.tool";
		};
/* End PBXNativeTarget section */

/* Begin PBXProject section */
		50E2FD001D32EB5B0008304D /* Project object */ = {
			isa = PBXProject;
			attributes = {
				LastUpgradeCheck = 0710;
				ORGANIZATIONNAME = jdiggidawg;
				TargetAttributes = {
					50E2FD071D32EB5B0008304D = {
						CreatedOnToolsVersion = 7.1.1;
					};
				};
			};
			buildConfigurationList = 50E2FD031D32EB5B0008304D /* Build configuration list for PBXProject "EKTApp" */;
			compatibilityVersion = "Xcode 3.2";
			developmentRegion = English;
			hasScannedForEncodings = 0;
			knownRegions = (
				en,
			);
			mainGroup = 50E2FCFF1D32EB5B0008304D;
			productRefGroup = 50E2FD091D32EB5B0008304D /* Products */;
			projectDirPath = "";
			projectRoot = "";
			targets = (
				50E2FD071D32EB5B0008304D /* EKTApp */,
			);
		};
/* End PBXProject section */

/* Begin PBXSourcesBuildPhase section */
		50E2FD041D32EB5B0008304D /* Sources */ = {
			isa = PBXSourcesBuildPhase;
			buildActionMask = 2147483647;
			files = (
				A7C604471D32F8CF001B5C31 /* Driver.cpp in Sources */,
				50E2FD0C1D32EB5B0008304D /* main.cpp in Sources */,
				A7C6044A1D330137001B5C31 /* KlingonDictionary.cpp in Sources */,
				A7C6043E1D32EEE7001B5C31 /* Word.cpp in Sources */,
			);
			runOnlyForDeploymentPostprocessing = 0;
		};
/* End PBXSourcesBuildPhase section */

/* Begin XCBuildConfiguration section */
		50E2FD0D1D32EB5B0008304D /* Debug */ = {
			isa = XCBuildConfiguration;
			buildSettings = {
				ALWAYS_SEARCH_USER_PATHS = NO;
				CLANG_CXX_LANGUAGE_STANDARD = "gnu++0x";
				CLANG_CXX_LIBRARY = "libc++";
				CLANG_ENABLE_MODULES = YES;
				CLANG_ENABLE_OBJC_ARC = YES;
				CLANG_WARN_BOOL_CONVERSION = YES;
				CLANG_WARN_CONSTANT_CONVERSION = YES;
				CLANG_WARN_DIRECT_OBJC_ISA_USAGE = YES_ERROR;
				CLANG_WARN_EMPTY_BODY = YES;
				CLANG_WARN_ENUM_CONVERSION = YES;
				CLANG_WARN_INT_CONVERSION = YES;
				CLANG_WARN_OBJC_ROOT_CLASS = YES_ERROR;
				CLANG_WARN_UNREACHABLE_CODE = YES;
				CLANG_WARN__DUPLICATE_METHOD_MATCH = YES;
				CODE_SIGN_IDENTITY = "-";
				COPY_PHASE_STRIP = NO;
				DEBUG_INFORMATION_FORMAT = dwarf;
				ENABLE_STRICT_OBJC_MSGSEND = YES;
				ENABLE_TESTABILITY = YES;
				GCC_C_LANGUAGE_STANDARD = gnu99;
				GCC_DYNAMIC_NO_PIC = NO;
				GCC_NO_COMMON_BLOCKS = YES;
				GCC_OPTIMIZATION_LEVEL = 0;
				GCC_PREPROCESSOR_DEFINITIONS = (
					"DEBUG=1",
					"$(inherited)",
				);
				GCC_WARN_64_TO_32_BIT_CONVERSION = YES;
				GCC_WARN_ABOUT_RETURN_TYPE = YES_ERROR;
				GCC_WARN_UNDECLARED_SELECTOR = YES;
				GCC_WARN_UNINITIALIZED_AUTOS = YES_AGGRESSIVE;
				GCC_WARN_UNUSED_FUNCTION = YES;
				GCC_WARN_UNUSED_VARIABLE = YES;
				MACOSX_DEPLOYMENT_TARGET = 10.10;
				MTL_ENABLE_DEBUG_INFO = YES;
				ONLY_ACTIVE_ARCH = YES;
				SDKROOT = macosx;
			};
			name = Debug;
		};
		50E2FD0E1D32EB5B0008304D /* Release */ = {
			isa = XCBuildConfiguration;
			buildSettings = {
				ALWAYS_SEARCH_USER_PATHS = NO;
				CLANG_CXX_LANGUAGE_STANDARD = "gnu++0x";
				CLANG_CXX_LIBRARY = "libc++";
				CLANG_ENABLE_MODULES = YES;
				CLANG_ENABLE_OBJC_ARC = YES;
				CLANG_WARN_BOOL_CONVERSION = YES;
				CLANG_WARN_CONSTANT_CONVERSION = YES;
				CLANG_WARN_DIRECT_OBJC_ISA_USAGE = YES_ERROR;
				CLANG_WARN_EMPTY_BODY = YES;
				CLANG_WARN_ENUM_CONVERSION = YES;
				CLANG_WARN_INT_CONVERSION = YES;
				CLANG_WARN_OBJC_ROOT_CLASS = YES_ERROR;
				CLANG_WARN_UNREACHABLE_CODE = YES;
				CLANG_WARN__DUPLICATE_METHOD_MATCH = YES;
				CODE_SIGN_IDENTITY = "-";
				COPY_PHASE_STRIP = NO;
				DEBUG_INFORMATION_FORMAT = "dwarf-with-dsym";
				ENABLE_NS_ASSERTIONS = NO;
				ENABLE_STRICT_OBJC_MSGSEND = YES;
				GCC_C_LANGUAGE_STANDARD = gnu99;
				GCC_NO_COMMON_BLOCKS = YES;
				GCC_WARN_64_TO_32_BIT_CONVERSION = YES;
				GCC_WARN_ABOUT_RETURN_TYPE = YES_ERROR;
				GCC_WARN_UNDECLARED_SELECTOR = YES;
				GCC_WARN_UNINITIALIZED_AUTOS = YES_AGGRESSIVE;
				GCC_WARN_UNUSED_FUNCTION = YES;
				GCC_WARN_UNUSED_VARIABLE = YES;
				MACOSX_DEPLOYMENT_TARGET = 10.10;
				MTL_ENABLE_DEBUG_INFO = NO;
				SDKROOT = macosx;
			};
			name = Release;
		};
		50E2FD101D32EB5B0008304D /* Debug */ = {
			isa = XCBuildConfiguration;
			buildSettings = {
				PRODUCT_NAME = "$(TARGET_NAME)";
			};
			name = Debug;
		};
		50E2FD111D32EB5B0008304D /* Release */ = {
			isa = XCBuildConfiguration;
			buildSettings = {
				PRODUCT_NAME = "$(TARGET_NAME)";
			};
			name = Release;
		};
/* End XCBuildConfiguration section */

/* Begin XCConfigurationList section */
		50E2FD031D32EB5B0008304D /* Build configuration list for PBXProject "EKTApp" */ = {
			isa = XCConfigurationList;
			buildConfigurations = (
				50E2FD0D1D32EB5B0008304D /* Debug */,
				50E2FD0E1D32EB5B0008304D /* Release */,
			);
			defaultConfigurationIsVisible = 0;
			defaultConfigurationName = Release;
		};
		50E2FD0F1D32EB5B0008304D /* Build configuration list for PBXNativeTarget "EKTApp" */ = {
			isa = XCConfigurationList;
			buildConfigurations = (
				50E2FD101D32EB5B0008304D /* Debug */,
				50E2FD111D32EB5B0008304D /* Release */,
			);
			defaultConfigurationIsVisible = 0;
			defaultConfigurationName = Release;
		};
/* End XCConfigurationList section */
	};
	rootObject = 50E2FD001D32EB5B0008304D /* Project object */;
}
